
Microsoft Visual Studio Solution File, Format Version 12.00
# Visual Studio 15
VisualStudioVersion = 15.0.33403.129
MinimumVisualStudioVersion = 10.0.40219.1
Project("{F184B08F-C81C-45F6-A57F-5ABD9991F28F}") = "AppCamera", "AppCamera\AppCamera.vbproj", "{4FB18C97-C4D8-4C16-A21E-182BD3B29044}"
EndProject
Global
	GlobalSection(SolutionConfigurationPlatforms) = preSolution
		Debug|Any CPU = Debug|Any CPU
		Release|Any CPU = Release|Any CPU
	EndGlobalSection
	GlobalSection(ProjectConfigurationPlatforms) = postSolution
		{4FB18C97-C4D8-4C16-A21E-182BD3B29044}.Debug|Any CPU.ActiveCfg = Debug|Any CPU
		{4FB18C97-C4D8-4C16-A21E-182BD3B29044}.Debug|Any CPU.Build.0 = Debug|Any CPU
		{4FB18C97-C4D8-4C16-A21E-182BD3B29044}.Release|Any CPU.ActiveCfg = Release|Any CPU
		{4FB18C97-C4D8-4C16-A21E-182BD3B29044}.Release|Any CPU.Build.0 = Release|Any CPU
	EndGlobalSection
	GlobalSection(SolutionProperties) = preSolution
		HideSolutionNode = FALSE
	EndGlobalSection
	GlobalSection(ExtensibilityGlobals) = postSolution
		SolutionGuid = {F0635692-14B9-4E11-B698-886A698BCC80}
	EndGlobalSection
EndGlobal
