
Microsoft Visual Studio Solution File, Format Version 12.00
# Visual Studio 15
VisualStudioVersion = 15.0.33403.129
MinimumVisualStudioVersion = 10.0.40219.1
Project("{F184B08F-C81C-45F6-A57F-5ABD9991F28F}") = "crudListview", "crudListview\crudListview.vbproj", "{8661CED1-3585-4970-876D-D3A411BCDF47}"
EndProject
Global
	GlobalSection(SolutionConfigurationPlatforms) = preSolution
		Debug|Any CPU = Debug|Any CPU
		Release|Any CPU = Release|Any CPU
	EndGlobalSection
	GlobalSection(ProjectConfigurationPlatforms) = postSolution
		{8661CED1-3585-4970-876D-D3A411BCDF47}.Debug|Any CPU.ActiveCfg = Debug|Any CPU
		{8661CED1-3585-4970-876D-D3A411BCDF47}.Debug|Any CPU.Build.0 = Debug|Any CPU
		{8661CED1-3585-4970-876D-D3A411BCDF47}.Release|Any CPU.ActiveCfg = Release|Any CPU
		{8661CED1-3585-4970-876D-D3A411BCDF47}.Release|Any CPU.Build.0 = Release|Any CPU
	EndGlobalSection
	GlobalSection(SolutionProperties) = preSolution
		HideSolutionNode = FALSE
	EndGlobalSection
	GlobalSection(ExtensibilityGlobals) = postSolution
		SolutionGuid = {CF9A1B3C-8D9B-41DA-B5A1-A57343D9FF8F}
	EndGlobalSection
EndGlobal
